<?xml version="1.0" encoding="UTF-8" standalone="yes" ?>
<CodeBlocks_project_file>
	<FileVersion major="1" minor="6" />
	<Project>
		<Option title="Zombi-Simulation" />
		<Option pch_mode="0" />
		<Option compiler="gcc" />
		<Build>
			<Target title="Debug">
				<Option output="bin/Debug/Zombi-Simulation" prefix_auto="1" extension_auto="1" />
				<Option object_output="obj/Debug/" />
				<Option type="0" />
				<Option compiler="gcc" />
				<Option projectLinkerOptionsRelation="2" />
				<Compiler>
					<Add option="-g" />
				</Compiler>
			</Target>
			<Target title="Release">
				<Option output="bin/Release/Zombi-Simulation" prefix_auto="1" extension_auto="1" />
				<Option object_output="obj/Release/" />
				<Option type="0" />
				<Option compiler="gcc" />
				<Option projectLinkerOptionsRelation="2" />
				<Compiler>
					<Add option="-O2" />
				</Compiler>
				<Linker>
					<Add option="-s" />
				</Linker>
			</Target>
		</Build>
		<Compiler>
			<Add option="`wx-config --cflags`" />
			<Add option="-Winvalid-pch" />
			<Add option="-include wx_pch.h" />
			<Add option="-DWX_PRECOMP" />
			<Add option="-Wall" />
		</Compiler>
		<Linker>
			<Add option="`wx-config --libs`" />
		</Linker>
		<Unit filename="Actor.cpp" />
		<Unit filename="Actor.h" />
		<Unit filename="Cell.cpp" />
		<Unit filename="Cell.h" />
		<Unit filename="Continent.cpp" />
		<Unit filename="Continent.h" />
		<Unit filename="EmptyCell.cpp" />
		<Unit filename="EmptyCell.h" />
		<Unit filename="Environment.cpp" />
		<Unit filename="Environment.h" />
		<Unit filename="Human.cpp" />
		<Unit filename="Human.h" />
		<Unit filename="I_Random.h" />
		<Unit filename="Obstacle.cpp" />
		<Unit filename="Obstacle.h" />
		<Unit filename="RandomGenerator.cpp" />
		<Unit filename="RandomGenerator.h" />
		<Unit filename="Resource.cpp" />
		<Unit filename="Resource.h" />
		<Unit filename="Trap.cpp" />
		<Unit filename="Trap.h" />
		<Unit filename="Utils.h" />
		<Unit filename="Zombi_SimulationApp.cpp" />
		<Unit filename="Zombi_SimulationApp.h" />
		<Unit filename="Zombi_SimulationMain.cpp" />
		<Unit filename="Zombi_SimulationMain.h" />
		<Unit filename="Zombie.cpp" />
		<Unit filename="Zombie.h" />
		<Unit filename="icons/Human_16px.png" />
		<Unit filename="icons/Human_32px.png" />
		<Unit filename="icons/harvest_16px.png" />
		<Unit filename="icons/harvest_32px.png" />
		<Unit filename="icons/trap_16px.png" />
		<Unit filename="icons/trap_24px.png" />
		<Unit filename="icons/trap_32px.png" />
		<Unit filename="icons/zombie_16px.png" />
		<Unit filename="icons/zombie_32px.png" />
		<Unit filename="wx_pch.h">
			<Option compile="1" />
			<Option weight="0" />
		</Unit>
		<Unit filename="wxsmith/Zombi_Simulationframe.wxs" />
		<Extensions>
			<code_completion />
			<envvars />
			<lib_finder disable_auto="1" />
			<wxsmith version="1">
				<gui name="wxWidgets" src="Zombi_SimulationApp.cpp" main="Zombi_SimulationFrame" init_handlers="necessary" language="CPP" />
				<resources>
					<wxFrame wxs="wxsmith/Zombi_Simulationframe.wxs" src="Zombi_SimulationMain.cpp" hdr="Zombi_SimulationMain.h" fwddecl="0" i18n="1" name="Zombi_SimulationFrame" language="CPP" />
				</resources>
			</wxsmith>
			<debugger />
		</Extensions>
	</Project>
</CodeBlocks_project_file>
